
Microsoft Visual Studio Solution File, Format Version 12.00
# Visual Studio 2013
VisualStudioVersion = 12.0.31101.0
MinimumVisualStudioVersion = 10.0.40219.1
Project("{FAE04EC0-301F-11D3-BF4B-00C04F79EFBC}") = "DrawAvatars01", "DrawAvatars01\DrawAvatars01\DrawAvatars01.csproj", "{AFBE6E99-1F8E-46DE-A51E-93DC638D9E4D}"
EndProject
Project("{FAE04EC0-301F-11D3-BF4B-00C04F79EFBC}") = "DrawAvatars01.iOS", "DrawAvatars01\DrawAvatars01.iOS\DrawAvatars01.iOS.csproj", "{ECE39741-2B77-4E1A-B040-BD470F7A0C27}"
EndProject
Project("{FAE04EC0-301F-11D3-BF4B-00C04F79EFBC}") = "DrawAvatars01.Droid", "DrawAvatars01\DrawAvatars01.Droid\DrawAvatars01.Droid.csproj", "{73ADA84F-1A38-4F63-9A0C-3CAECCB5206D}"
EndProject
Global
	GlobalSection(SolutionConfigurationPlatforms) = preSolution
		Ad-Hoc|Any CPU = Ad-Hoc|Any CPU
		Ad-Hoc|iPhone = Ad-Hoc|iPhone
		Ad-Hoc|iPhoneSimulator = Ad-Hoc|iPhoneSimulator
		Ad-Hoc|Mixed Platforms = Ad-Hoc|Mixed Platforms
		AppStore|Any CPU = AppStore|Any CPU
		AppStore|iPhone = AppStore|iPhone
		AppStore|iPhoneSimulator = AppStore|iPhoneSimulator
		AppStore|Mixed Platforms = AppStore|Mixed Platforms
		Debug|Any CPU = Debug|Any CPU
		Debug|iPhone = Debug|iPhone
		Debug|iPhoneSimulator = Debug|iPhoneSimulator
		Debug|Mixed Platforms = Debug|Mixed Platforms
		Release|Any CPU = Release|Any CPU
		Release|iPhone = Release|iPhone
		Release|iPhoneSimulator = Release|iPhoneSimulator
		Release|Mixed Platforms = Release|Mixed Platforms
	EndGlobalSection
	GlobalSection(ProjectConfigurationPlatforms) = postSolution
		{AFBE6E99-1F8E-46DE-A51E-93DC638D9E4D}.Ad-Hoc|Any CPU.ActiveCfg = Release|Any CPU
		{AFBE6E99-1F8E-46DE-A51E-93DC638D9E4D}.Ad-Hoc|Any CPU.Build.0 = Release|Any CPU
		{AFBE6E99-1F8E-46DE-A51E-93DC638D9E4D}.Ad-Hoc|iPhone.ActiveCfg = Release|Any CPU
		{AFBE6E99-1F8E-46DE-A51E-93DC638D9E4D}.Ad-Hoc|iPhoneSimulator.ActiveCfg = Release|Any CPU
		{AFBE6E99-1F8E-46DE-A51E-93DC638D9E4D}.Ad-Hoc|Mixed Platforms.ActiveCfg = Release|Any CPU
		{AFBE6E99-1F8E-46DE-A51E-93DC638D9E4D}.Ad-Hoc|Mixed Platforms.Build.0 = Release|Any CPU
		{AFBE6E99-1F8E-46DE-A51E-93DC638D9E4D}.AppStore|Any CPU.ActiveCfg = Release|Any CPU
		{AFBE6E99-1F8E-46DE-A51E-93DC638D9E4D}.AppStore|Any CPU.Build.0 = Release|Any CPU
		{AFBE6E99-1F8E-46DE-A51E-93DC638D9E4D}.AppStore|iPhone.ActiveCfg = Release|Any CPU
		{AFBE6E99-1F8E-46DE-A51E-93DC638D9E4D}.AppStore|iPhoneSimulator.ActiveCfg = Release|Any CPU
		{AFBE6E99-1F8E-46DE-A51E-93DC638D9E4D}.AppStore|Mixed Platforms.ActiveCfg = Release|Any CPU
		{AFBE6E99-1F8E-46DE-A51E-93DC638D9E4D}.AppStore|Mixed Platforms.Build.0 = Release|Any CPU
		{AFBE6E99-1F8E-46DE-A51E-93DC638D9E4D}.Debug|Any CPU.ActiveCfg = Debug|Any CPU
		{AFBE6E99-1F8E-46DE-A51E-93DC638D9E4D}.Debug|Any CPU.Build.0 = Debug|Any CPU
		{AFBE6E99-1F8E-46DE-A51E-93DC638D9E4D}.Debug|iPhone.ActiveCfg = Debug|Any CPU
		{AFBE6E99-1F8E-46DE-A51E-93DC638D9E4D}.Debug|iPhoneSimulator.ActiveCfg = Debug|Any CPU
		{AFBE6E99-1F8E-46DE-A51E-93DC638D9E4D}.Debug|iPhoneSimulator.Build.0 = Debug|Any CPU
		{AFBE6E99-1F8E-46DE-A51E-93DC638D9E4D}.Debug|Mixed Platforms.ActiveCfg = Debug|Any CPU
		{AFBE6E99-1F8E-46DE-A51E-93DC638D9E4D}.Debug|Mixed Platforms.Build.0 = Debug|Any CPU
		{AFBE6E99-1F8E-46DE-A51E-93DC638D9E4D}.Release|Any CPU.ActiveCfg = Release|Any CPU
		{AFBE6E99-1F8E-46DE-A51E-93DC638D9E4D}.Release|Any CPU.Build.0 = Release|Any CPU
		{AFBE6E99-1F8E-46DE-A51E-93DC638D9E4D}.Release|iPhone.ActiveCfg = Release|Any CPU
		{AFBE6E99-1F8E-46DE-A51E-93DC638D9E4D}.Release|iPhoneSimulator.ActiveCfg = Release|Any CPU
		{AFBE6E99-1F8E-46DE-A51E-93DC638D9E4D}.Release|Mixed Platforms.ActiveCfg = Release|Any CPU
		{AFBE6E99-1F8E-46DE-A51E-93DC638D9E4D}.Release|Mixed Platforms.Build.0 = Release|Any CPU
		{ECE39741-2B77-4E1A-B040-BD470F7A0C27}.Ad-Hoc|Any CPU.ActiveCfg = Ad-Hoc|iPhone
		{ECE39741-2B77-4E1A-B040-BD470F7A0C27}.Ad-Hoc|iPhone.ActiveCfg = Ad-Hoc|iPhone
		{ECE39741-2B77-4E1A-B040-BD470F7A0C27}.Ad-Hoc|iPhone.Build.0 = Ad-Hoc|iPhone
		{ECE39741-2B77-4E1A-B040-BD470F7A0C27}.Ad-Hoc|iPhoneSimulator.ActiveCfg = Ad-Hoc|iPhoneSimulator
		{ECE39741-2B77-4E1A-B040-BD470F7A0C27}.Ad-Hoc|iPhoneSimulator.Build.0 = Ad-Hoc|iPhoneSimulator
		{ECE39741-2B77-4E1A-B040-BD470F7A0C27}.Ad-Hoc|Mixed Platforms.ActiveCfg = Ad-Hoc|iPhone
		{ECE39741-2B77-4E1A-B040-BD470F7A0C27}.Ad-Hoc|Mixed Platforms.Build.0 = Ad-Hoc|iPhone
		{ECE39741-2B77-4E1A-B040-BD470F7A0C27}.AppStore|Any CPU.ActiveCfg = AppStore|iPhone
		{ECE39741-2B77-4E1A-B040-BD470F7A0C27}.AppStore|iPhone.ActiveCfg = AppStore|iPhone
		{ECE39741-2B77-4E1A-B040-BD470F7A0C27}.AppStore|iPhone.Build.0 = AppStore|iPhone
		{ECE39741-2B77-4E1A-B040-BD470F7A0C27}.AppStore|iPhoneSimulator.ActiveCfg = AppStore|iPhoneSimulator
		{ECE39741-2B77-4E1A-B040-BD470F7A0C27}.AppStore|iPhoneSimulator.Build.0 = AppStore|iPhoneSimulator
		{ECE39741-2B77-4E1A-B040-BD470F7A0C27}.AppStore|Mixed Platforms.ActiveCfg = AppStore|iPhone
		{ECE39741-2B77-4E1A-B040-BD470F7A0C27}.AppStore|Mixed Platforms.Build.0 = AppStore|iPhone
		{ECE39741-2B77-4E1A-B040-BD470F7A0C27}.Debug|Any CPU.ActiveCfg = Debug|iPhoneSimulator
		{ECE39741-2B77-4E1A-B040-BD470F7A0C27}.Debug|Any CPU.Build.0 = Debug|iPhoneSimulator
		{ECE39741-2B77-4E1A-B040-BD470F7A0C27}.Debug|iPhone.ActiveCfg = Debug|iPhone
		{ECE39741-2B77-4E1A-B040-BD470F7A0C27}.Debug|iPhone.Build.0 = Debug|iPhone
		{ECE39741-2B77-4E1A-B040-BD470F7A0C27}.Debug|iPhoneSimulator.ActiveCfg = Debug|iPhoneSimulator
		{ECE39741-2B77-4E1A-B040-BD470F7A0C27}.Debug|iPhoneSimulator.Build.0 = Debug|iPhoneSimulator
		{ECE39741-2B77-4E1A-B040-BD470F7A0C27}.Debug|Mixed Platforms.ActiveCfg = Debug|iPhone
		{ECE39741-2B77-4E1A-B040-BD470F7A0C27}.Debug|Mixed Platforms.Build.0 = Debug|iPhone
		{ECE39741-2B77-4E1A-B040-BD470F7A0C27}.Release|Any CPU.ActiveCfg = Release|iPhone
		{ECE39741-2B77-4E1A-B040-BD470F7A0C27}.Release|iPhone.ActiveCfg = Release|iPhone
		{ECE39741-2B77-4E1A-B040-BD470F7A0C27}.Release|iPhone.Build.0 = Release|iPhone
		{ECE39741-2B77-4E1A-B040-BD470F7A0C27}.Release|iPhoneSimulator.ActiveCfg = Release|iPhoneSimulator
		{ECE39741-2B77-4E1A-B040-BD470F7A0C27}.Release|iPhoneSimulator.Build.0 = Release|iPhoneSimulator
		{ECE39741-2B77-4E1A-B040-BD470F7A0C27}.Release|Mixed Platforms.ActiveCfg = Release|iPhone
		{ECE39741-2B77-4E1A-B040-BD470F7A0C27}.Release|Mixed Platforms.Build.0 = Release|iPhone
		{73ADA84F-1A38-4F63-9A0C-3CAECCB5206D}.Ad-Hoc|Any CPU.ActiveCfg = Release|Any CPU
		{73ADA84F-1A38-4F63-9A0C-3CAECCB5206D}.Ad-Hoc|Any CPU.Build.0 = Release|Any CPU
		{73ADA84F-1A38-4F63-9A0C-3CAECCB5206D}.Ad-Hoc|Any CPU.Deploy.0 = Release|Any CPU
		{73ADA84F-1A38-4F63-9A0C-3CAECCB5206D}.Ad-Hoc|iPhone.ActiveCfg = Release|Any CPU
		{73ADA84F-1A38-4F63-9A0C-3CAECCB5206D}.Ad-Hoc|iPhoneSimulator.ActiveCfg = Release|Any CPU
		{73ADA84F-1A38-4F63-9A0C-3CAECCB5206D}.Ad-Hoc|Mixed Platforms.ActiveCfg = Release|Any CPU
		{73ADA84F-1A38-4F63-9A0C-3CAECCB5206D}.Ad-Hoc|Mixed Platforms.Build.0 = Release|Any CPU
		{73ADA84F-1A38-4F63-9A0C-3CAECCB5206D}.Ad-Hoc|Mixed Platforms.Deploy.0 = Release|Any CPU
		{73ADA84F-1A38-4F63-9A0C-3CAECCB5206D}.AppStore|Any CPU.ActiveCfg = Release|Any CPU
		{73ADA84F-1A38-4F63-9A0C-3CAECCB5206D}.AppStore|Any CPU.Build.0 = Release|Any CPU
		{73ADA84F-1A38-4F63-9A0C-3CAECCB5206D}.AppStore|Any CPU.Deploy.0 = Release|Any CPU
		{73ADA84F-1A38-4F63-9A0C-3CAECCB5206D}.AppStore|iPhone.ActiveCfg = Release|Any CPU
		{73ADA84F-1A38-4F63-9A0C-3CAECCB5206D}.AppStore|iPhoneSimulator.ActiveCfg = Release|Any CPU
		{73ADA84F-1A38-4F63-9A0C-3CAECCB5206D}.AppStore|Mixed Platforms.ActiveCfg = Release|Any CPU
		{73ADA84F-1A38-4F63-9A0C-3CAECCB5206D}.AppStore|Mixed Platforms.Build.0 = Release|Any CPU
		{73ADA84F-1A38-4F63-9A0C-3CAECCB5206D}.AppStore|Mixed Platforms.Deploy.0 = Release|Any CPU
		{73ADA84F-1A38-4F63-9A0C-3CAECCB5206D}.Debug|Any CPU.ActiveCfg = Debug|Any CPU
		{73ADA84F-1A38-4F63-9A0C-3CAECCB5206D}.Debug|Any CPU.Build.0 = Debug|Any CPU
		{73ADA84F-1A38-4F63-9A0C-3CAECCB5206D}.Debug|Any CPU.Deploy.0 = Debug|Any CPU
		{73ADA84F-1A38-4F63-9A0C-3CAECCB5206D}.Debug|iPhone.ActiveCfg = Debug|Any CPU
		{73ADA84F-1A38-4F63-9A0C-3CAECCB5206D}.Debug|iPhoneSimulator.ActiveCfg = Debug|Any CPU
		{73ADA84F-1A38-4F63-9A0C-3CAECCB5206D}.Debug|Mixed Platforms.ActiveCfg = Debug|Any CPU
		{73ADA84F-1A38-4F63-9A0C-3CAECCB5206D}.Debug|Mixed Platforms.Build.0 = Debug|Any CPU
		{73ADA84F-1A38-4F63-9A0C-3CAECCB5206D}.Debug|Mixed Platforms.Deploy.0 = Debug|Any CPU
		{73ADA84F-1A38-4F63-9A0C-3CAECCB5206D}.Release|Any CPU.ActiveCfg = Release|Any CPU
		{73ADA84F-1A38-4F63-9A0C-3CAECCB5206D}.Release|Any CPU.Build.0 = Release|Any CPU
		{73ADA84F-1A38-4F63-9A0C-3CAECCB5206D}.Release|Any CPU.Deploy.0 = Release|Any CPU
		{73ADA84F-1A38-4F63-9A0C-3CAECCB5206D}.Release|iPhone.ActiveCfg = Release|Any CPU
		{73ADA84F-1A38-4F63-9A0C-3CAECCB5206D}.Release|iPhoneSimulator.ActiveCfg = Release|Any CPU
		{73ADA84F-1A38-4F63-9A0C-3CAECCB5206D}.Release|Mixed Platforms.ActiveCfg = Release|Any CPU
		{73ADA84F-1A38-4F63-9A0C-3CAECCB5206D}.Release|Mixed Platforms.Build.0 = Release|Any CPU
		{73ADA84F-1A38-4F63-9A0C-3CAECCB5206D}.Release|Mixed Platforms.Deploy.0 = Release|Any CPU
	EndGlobalSection
	GlobalSection(SolutionProperties) = preSolution
		HideSolutionNode = FALSE
	EndGlobalSection
EndGlobal
